# This file is automatically @generated by Cargo.
# It is not intended for manual editing.
version = 3

[[package]]
name = "autocfg"
version = "1.1.0"
source = "registry+https://github.com/rust-lang/crates.io-index"
checksum = "d468802bab17cbc0cc575e9b053f41e72aa36bfa6b7f55e3529ffa43161b97fa"

[[package]]
name = "capstone-code"
version = "0.1.0"
dependencies = [
 "cute",
 "force_graph",
 "unordered-pair",
]

[[package]]
name = "cute"
version = "0.3.0"
source = "registry+https://github.com/rust-lang/crates.io-index"
checksum = "45e700c2d1c3feea9b695e79b2dfeeb93040556a58c556fae23f71b1e6b449fd"

[[package]]
name = "fixedbitset"
version = "0.2.0"
source = "registry+https://github.com/rust-lang/crates.io-index"
checksum = "37ab347416e802de484e4d03c7316c48f1ecb56574dfd4a46a80f173ce1de04d"

[[package]]
name = "force_graph"
version = "0.3.2"
source = "registry+https://github.com/rust-lang/crates.io-index"
checksum = "a376f7455574d541294a4aa992cd6701d06b5d970bed260be32b0549d24b1021"
dependencies = [
 "petgraph",
]

[[package]]
name = "hashbrown"
version = "0.12.3"
source = "registry+https://github.com/rust-lang/crates.io-index"
checksum = "8a9ee70c43aaf417c914396645a0fa852624801b24ebb7ae78fe8272889ac888"

[[package]]
name = "indexmap"
version = "1.9.1"
source = "registry+https://github.com/rust-lang/crates.io-index"
checksum = "10a35a97730320ffe8e2d410b5d3b69279b98d2c14bdb8b70ea89ecf7888d41e"
dependencies = [
 "autocfg",
 "hashbrown",
]

[[package]]
name = "petgraph"
version = "0.5.1"
source = "registry+https://github.com/rust-lang/crates.io-index"
checksum = "467d164a6de56270bd7c4d070df81d07beace25012d5103ced4e9ff08d6afdb7"
dependencies = [
 "fixedbitset",
 "indexmap",
]

[[package]]
name = "unordered-pair"
version = "0.2.4"
source = "registry+https://github.com/rust-lang/crates.io-index"
checksum = "d82c34093ea7dd15b4e42ecbc22adf732b466ac6e03abc83a56741fad611b0ec"
